
Microsoft Visual Studio Solution File, Format Version 12.00
# Visual Studio Version 16
VisualStudioVersion = 16.0.32929.386
MinimumVisualStudioVersion = 10.0.40219.1
Project("{FAE04EC0-301F-11D3-BF4B-00C04F79EFBC}") = "ProjetoTurmaAluno", "ProjetoTurmaAluno\ProjetoTurmaAluno.csproj", "{E14C1F27-A628-446D-B119-443651175AE4}"
EndProject
Global
	GlobalSection(SolutionConfigurationPlatforms) = preSolution
		Debug|Any CPU = Debug|Any CPU
		Release|Any CPU = Release|Any CPU
	EndGlobalSection
	GlobalSection(ProjectConfigurationPlatforms) = postSolution
		{E14C1F27-A628-446D-B119-443651175AE4}.Debug|Any CPU.ActiveCfg = Debug|Any CPU
		{E14C1F27-A628-446D-B119-443651175AE4}.Debug|Any CPU.Build.0 = Debug|Any CPU
		{E14C1F27-A628-446D-B119-443651175AE4}.Release|Any CPU.ActiveCfg = Release|Any CPU
		{E14C1F27-A628-446D-B119-443651175AE4}.Release|Any CPU.Build.0 = Release|Any CPU
	EndGlobalSection
	GlobalSection(SolutionProperties) = preSolution
		HideSolutionNode = FALSE
	EndGlobalSection
	GlobalSection(ExtensibilityGlobals) = postSolution
		SolutionGuid = {45D05465-61DA-404A-8AFA-4A998BA2134A}
	EndGlobalSection
EndGlobal
